
Microsoft Visual Studio Solution File, Format Version 12.00
# Visual Studio Version 17
VisualStudioVersion = 17.11.35208.52
MinimumVisualStudioVersion = 10.0.40219.1
Project("{FAE04EC0-301F-11D3-BF4B-00C04F79EFBC}") = "VirtualBankWinForms", "VirtualBankWinForms\VirtualBankWinForms.csproj", "{7AC67C95-0076-4774-A6A1-B08655313494}"
EndProject
Project("{9A19103F-16F7-4668-BE54-9A1E7A4F7556}") = "ConsoleBankApp", "..\VirtualBank\ConsoleBankApp\ConsoleBankApp.csproj", "{64C1BF17-802F-4186-805E-2557FBE77F09}"
EndProject
Global
	GlobalSection(SolutionConfigurationPlatforms) = preSolution
		Debug|Any CPU = Debug|Any CPU
		Release|Any CPU = Release|Any CPU
	EndGlobalSection
	GlobalSection(ProjectConfigurationPlatforms) = postSolution
		{7AC67C95-0076-4774-A6A1-B08655313494}.Debug|Any CPU.ActiveCfg = Debug|Any CPU
		{7AC67C95-0076-4774-A6A1-B08655313494}.Debug|Any CPU.Build.0 = Debug|Any CPU
		{7AC67C95-0076-4774-A6A1-B08655313494}.Release|Any CPU.ActiveCfg = Release|Any CPU
		{7AC67C95-0076-4774-A6A1-B08655313494}.Release|Any CPU.Build.0 = Release|Any CPU
		{64C1BF17-802F-4186-805E-2557FBE77F09}.Debug|Any CPU.ActiveCfg = Debug|Any CPU
		{64C1BF17-802F-4186-805E-2557FBE77F09}.Debug|Any CPU.Build.0 = Debug|Any CPU
		{64C1BF17-802F-4186-805E-2557FBE77F09}.Release|Any CPU.ActiveCfg = Release|Any CPU
		{64C1BF17-802F-4186-805E-2557FBE77F09}.Release|Any CPU.Build.0 = Release|Any CPU
	EndGlobalSection
	GlobalSection(SolutionProperties) = preSolution
		HideSolutionNode = FALSE
	EndGlobalSection
	GlobalSection(ExtensibilityGlobals) = postSolution
		SolutionGuid = {C0D2FAD2-2CAF-44AB-9144-1B1CF707A9AA}
	EndGlobalSection
EndGlobal
